# THIS IS AN AUTOGENERATED FILE. DO NOT EDIT THIS FILE DIRECTLY.
# yarn lockfile v1


tenoxui@^0.6.1:
  version "0.6.1"
  resolved "https://registry.yarnpkg.com/tenoxui/-/tenoxui-0.6.1.tgz#f177e3f4abfe7fe5fe18935673ef568c4079b442"
  integrity sha512-Ked5c6pn7MaLv8wMFfgYP4QJcpdnc6BLXA/aX+uN76LMeTJTzgjtvRRswJzrmpNxYkx9IrYz6CouERy1cu8y5g==
